
Microsoft Visual Studio Solution File, Format Version 12.00
# Visual Studio 2012
Project("{888888A0-9F3D-457C-B088-3A5042F75D52}") = "FixUserdb", "FixUserdb\FixUserdb.pyproj", "{CCBB7058-6E34-4378-B2B6-382333ABBF65}"
EndProject
Global
	GlobalSection(SolutionConfigurationPlatforms) = preSolution
		Debug|Any CPU = Debug|Any CPU
		Release|Any CPU = Release|Any CPU
	EndGlobalSection
	GlobalSection(ProjectConfigurationPlatforms) = postSolution
		{CCBB7058-6E34-4378-B2B6-382333ABBF65}.Debug|Any CPU.ActiveCfg = Debug|Any CPU
		{CCBB7058-6E34-4378-B2B6-382333ABBF65}.Release|Any CPU.ActiveCfg = Release|Any CPU
	EndGlobalSection
	GlobalSection(SolutionProperties) = preSolution
		HideSolutionNode = FALSE
	EndGlobalSection
EndGlobal
